// !$*UTF8*$!
{
	archiveVersion = 1;
	classes = {
	};
	objectVersion = 46;
	objects = {

/* Begin PBXBuildFile section */
		F5AF85C218A03FA800769391 /* Foundation.framework in Frameworks */ = {isa = PBXBuildFile; fileRef = F5AF85C118A03FA800769391 /* Foundation.framework */; };
		F5AF85C418A03FA800769391 /* CoreGraphics.framework in Frameworks */ = {isa = PBXBuildFile; fileRef = F5AF85C318A03FA800769391 /* CoreGraphics.framework */; };
		F5AF85C618A03FA800769391 /* UIKit.framework in Frameworks */ = {isa = PBXBuildFile; fileRef = F5AF85C518A03FA800769391 /* UIKit.framework */; };
		F5AF85CC18A03FA800769391 /* InfoPlist.strings in Resources */ = {isa = PBXBuildFile; fileRef = F5AF85CA18A03FA800769391 /* InfoPlist.strings */; };
		F5AF85CE18A03FA800769391 /* main.m in Sources */ = {isa = PBXBuildFile; fileRef = F5AF85CD18A03FA800769391 /* main.m */; };
		F5AF85D218A03FA800769391 /* AppDelegate.m in Sources */ = {isa = PBXBuildFile; fileRef = F5AF85D118A03FA800769391 /* AppDelegate.m */; };
		F5AF85D518A03FA800769391 /* Main.storyboard in Resources */ = {isa = PBXBuildFile; fileRef = F5AF85D318A03FA800769391 /* Main.storyboard */; };
		F5AF85D818A03FA800769391 /* MasterViewController.m in Sources */ = {isa = PBXBuildFile; fileRef = F5AF85D718A03FA800769391 /* MasterViewController.m */; };
		F5AF85DA18A03FA800769391 /* Images.xcassets in Resources */ = {isa = PBXBuildFile; fileRef = F5AF85D918A03FA800769391 /* Images.xcassets */; };
		F5AF85E118A03FA800769391 /* XCTest.framework in Frameworks */ = {isa = PBXBuildFile; fileRef = F5AF85E018A03FA800769391 /* XCTest.framework */; };
		F5AF85E218A03FA800769391 /* Foundation.framework in Frameworks */ = {isa = PBXBuildFile; fileRef = F5AF85C118A03FA800769391 /* Foundation.framework */; };
		F5AF85E318A03FA800769391 /* UIKit.framework in Frameworks */ = {isa = PBXBuildFile; fileRef = F5AF85C518A03FA800769391 /* UIKit.framework */; };
		F5AF85EB18A03FA800769391 /* InfoPlist.strings in Resources */ = {isa = PBXBuildFile; fileRef = F5AF85E918A03FA800769391 /* InfoPlist.strings */; };
		F5AF85ED18A03FA800769391 /* InstaTestTests.m in Sources */ = {isa = PBXBuildFile; fileRef = F5AF85EC18A03FA800769391 /* InstaTestTests.m */; };
		F5F31D6218A05EB600ED376A /* Model.xcdatamodeld in Sources */ = {isa = PBXBuildFile; fileRef = F5F31D6018A05EB600ED376A /* Model.xcdatamodeld */; };
		F5F31D6518A05FDA00ED376A /* User.m in Sources */ = {isa = PBXBuildFile; fileRef = F5F31D6418A05FDA00ED376A /* User.m */; };
		F5F31D6818A06ED200ED376A /* SignUpViewController.m in Sources */ = {isa = PBXBuildFile; fileRef = F5F31D6718A06ED200ED376A /* SignUpViewController.m */; };
/* End PBXBuildFile section */

/* Begin PBXContainerItemProxy section */
		F5AF85E418A03FA800769391 /* PBXContainerItemProxy */ = {
			isa = PBXContainerItemProxy;
			containerPortal = F5AF85B618A03FA800769391 /* Project object */;
			proxyType = 1;
			remoteGlobalIDString = F5AF85BD18A03FA800769391;
			remoteInfo = InstaTest;
		};
/* End PBXContainerItemProxy section */

/* Begin PBXFileReference section */
		F5AF85BE18A03FA800769391 /* InstaTest.app */ = {isa = PBXFileReference; explicitFileType = wrapper.application; includeInIndex = 0; path = InstaTest.app; sourceTree = BUILT_PRODUCTS_DIR; };
		F5AF85C118A03FA800769391 /* Foundation.framework */ = {isa = PBXFileReference; lastKnownFileType = wrapper.framework; name = Foundation.framework; path = System/Library/Frameworks/Foundation.framework; sourceTree = SDKROOT; };
		F5AF85C318A03FA800769391 /* CoreGraphics.framework */ = {isa = PBXFileReference; lastKnownFileType = wrapper.framework; name = CoreGraphics.framework; path = System/Library/Frameworks/CoreGraphics.framework; sourceTree = SDKROOT; };
		F5AF85C518A03FA800769391 /* UIKit.framework */ = {isa = PBXFileReference; lastKnownFileType = wrapper.framework; name = UIKit.framework; path = System/Library/Frameworks/UIKit.framework; sourceTree = SDKROOT; };
		F5AF85C918A03FA800769391 /* InstaTest-Info.plist */ = {isa = PBXFileReference; lastKnownFileType = text.plist.xml; path = "InstaTest-Info.plist"; sourceTree = "<group>"; };
		F5AF85CB18A03FA800769391 /* en */ = {isa = PBXFileReference; lastKnownFileType = text.plist.strings; name = en; path = en.lproj/InfoPlist.strings; sourceTree = "<group>"; };
		F5AF85CD18A03FA800769391 /* main.m */ = {isa = PBXFileReference; lastKnownFileType = sourcecode.c.objc; path = main.m; sourceTree = "<group>"; };
		F5AF85CF18A03FA800769391 /* InstaTest-Prefix.pch */ = {isa = PBXFileReference; lastKnownFileType = sourcecode.c.h; path = "InstaTest-Prefix.pch"; sourceTree = "<group>"; };
		F5AF85D018A03FA800769391 /* AppDelegate.h */ = {isa = PBXFileReference; lastKnownFileType = sourcecode.c.h; path = AppDelegate.h; sourceTree = "<group>"; };
		F5AF85D118A03FA800769391 /* AppDelegate.m */ = {isa = PBXFileReference; lastKnownFileType = sourcecode.c.objc; path = AppDelegate.m; sourceTree = "<group>"; };
		F5AF85D418A03FA800769391 /* Base */ = {isa = PBXFileReference; lastKnownFileType = file.storyboard; name = Base; path = Base.lproj/Main.storyboard; sourceTree = "<group>"; };
		F5AF85D618A03FA800769391 /* MasterViewController.h */ = {isa = PBXFileReference; lastKnownFileType = sourcecode.c.h; path = MasterViewController.h; sourceTree = "<group>"; };
		F5AF85D718A03FA800769391 /* MasterViewController.m */ = {isa = PBXFileReference; lastKnownFileType = sourcecode.c.objc; path = MasterViewController.m; sourceTree = "<group>"; };
		F5AF85D918A03FA800769391 /* Images.xcassets */ = {isa = PBXFileReference; lastKnownFileType = folder.assetcatalog; path = Images.xcassets; sourceTree = "<group>"; };
		F5AF85DF18A03FA800769391 /* InstaTestTests.xctest */ = {isa = PBXFileReference; explicitFileType = wrapper.cfbundle; includeInIndex = 0; path = InstaTestTests.xctest; sourceTree = BUILT_PRODUCTS_DIR; };
		F5AF85E018A03FA800769391 /* XCTest.framework */ = {isa = PBXFileReference; lastKnownFileType = wrapper.framework; name = XCTest.framework; path = Library/Frameworks/XCTest.framework; sourceTree = DEVELOPER_DIR; };
		F5AF85E818A03FA800769391 /* InstaTestTests-Info.plist */ = {isa = PBXFileReference; lastKnownFileType = text.plist.xml; path = "InstaTestTests-Info.plist"; sourceTree = "<group>"; };
		F5AF85EA18A03FA800769391 /* en */ = {isa = PBXFileReference; lastKnownFileType = text.plist.strings; name = en; path = en.lproj/InfoPlist.strings; sourceTree = "<group>"; };
		F5AF85EC18A03FA800769391 /* InstaTestTests.m */ = {isa = PBXFileReference; lastKnownFileType = sourcecode.c.objc; path = InstaTestTests.m; sourceTree = "<group>"; };
		F5F31D6118A05EB600ED376A /* Model.xcdatamodel */ = {isa = PBXFileReference; lastKnownFileType = wrapper.xcdatamodel; path = Model.xcdatamodel; sourceTree = "<group>"; };
		F5F31D6318A05FDA00ED376A /* User.h */ = {isa = PBXFileReference; fileEncoding = 4; lastKnownFileType = sourcecode.c.h; path = User.h; sourceTree = "<group>"; };
		F5F31D6418A05FDA00ED376A /* User.m */ = {isa = PBXFileReference; fileEncoding = 4; lastKnownFileType = sourcecode.c.objc; path = User.m; sourceTree = "<group>"; };
		F5F31D6618A06ED200ED376A /* SignUpViewController.h */ = {isa = PBXFileReference; fileEncoding = 4; lastKnownFileType = sourcecode.c.h; path = SignUpViewController.h; sourceTree = "<group>"; };
		F5F31D6718A06ED200ED376A /* SignUpViewController.m */ = {isa = PBXFileReference; fileEncoding = 4; lastKnownFileType = sourcecode.c.objc; path = SignUpViewController.m; sourceTree = "<group>"; };
/* End PBXFileReference section */

/* Begin PBXFrameworksBuildPhase section */
		F5AF85BB18A03FA800769391 /* Frameworks */ = {
			isa = PBXFrameworksBuildPhase;
			buildActionMask = 2147483647;
			files = (
				F5AF85C418A03FA800769391 /* CoreGraphics.framework in Frameworks */,
				F5AF85C618A03FA800769391 /* UIKit.framework in Frameworks */,
				F5AF85C218A03FA800769391 /* Foundation.framework in Frameworks */,
			);
			runOnlyForDeploymentPostprocessing = 0;
		};
		F5AF85DC18A03FA800769391 /* Frameworks */ = {
			isa = PBXFrameworksBuildPhase;
			buildActionMask = 2147483647;
			files = (
				F5AF85E118A03FA800769391 /* XCTest.framework in Frameworks */,
				F5AF85E318A03FA800769391 /* UIKit.framework in Frameworks */,
				F5AF85E218A03FA800769391 /* Foundation.framework in Frameworks */,
			);
			runOnlyForDeploymentPostprocessing = 0;
		};
/* End PBXFrameworksBuildPhase section */

/* Begin PBXGroup section */
		F5AF85B518A03FA800769391 = {
			isa = PBXGroup;
			children = (
				F5AF85C718A03FA800769391 /* InstaTest */,
				F5AF85E618A03FA800769391 /* InstaTestTests */,
				F5AF85C018A03FA800769391 /* Frameworks */,
				F5AF85BF18A03FA800769391 /* Products */,
			);
			sourceTree = "<group>";
		};
		F5AF85BF18A03FA800769391 /* Products */ = {
			isa = PBXGroup;
			children = (
				F5AF85BE18A03FA800769391 /* InstaTest.app */,
				F5AF85DF18A03FA800769391 /* InstaTestTests.xctest */,
			);
			name = Products;
			sourceTree = "<group>";
		};
		F5AF85C018A03FA800769391 /* Frameworks */ = {
			isa = PBXGroup;
			children = (
				F5AF85C118A03FA800769391 /* Foundation.framework */,
				F5AF85C318A03FA800769391 /* CoreGraphics.framework */,
				F5AF85C518A03FA800769391 /* UIKit.framework */,
				F5AF85E018A03FA800769391 /* XCTest.framework */,
			);
			name = Frameworks;
			sourceTree = "<group>";
		};
		F5AF85C718A03FA800769391 /* InstaTest */ = {
			isa = PBXGroup;
			children = (
				F5AF85D018A03FA800769391 /* AppDelegate.h */,
				F5AF85D118A03FA800769391 /* AppDelegate.m */,
				F5AF85D318A03FA800769391 /* Main.storyboard */,
				F5F31D6618A06ED200ED376A /* SignUpViewController.h */,
				F5F31D6718A06ED200ED376A /* SignUpViewController.m */,
				F5F31D6018A05EB600ED376A /* Model.xcdatamodeld */,
				F5F31D6318A05FDA00ED376A /* User.h */,
				F5F31D6418A05FDA00ED376A /* User.m */,
				F5AF85D618A03FA800769391 /* MasterViewController.h */,
				F5AF85D718A03FA800769391 /* MasterViewController.m */,
				F5AF85D918A03FA800769391 /* Images.xcassets */,
				F5AF85C818A03FA800769391 /* Supporting Files */,
			);
			path = InstaTest;
			sourceTree = "<group>";
		};
		F5AF85C818A03FA800769391 /* Supporting Files */ = {
			isa = PBXGroup;
			children = (
				F5AF85C918A03FA800769391 /* InstaTest-Info.plist */,
				F5AF85CA18A03FA800769391 /* InfoPlist.strings */,
				F5AF85CD18A03FA800769391 /* main.m */,
				F5AF85CF18A03FA800769391 /* InstaTest-Prefix.pch */,
			);
			name = "Supporting Files";
			sourceTree = "<group>";
		};
		F5AF85E618A03FA800769391 /* InstaTestTests */ = {
			isa = PBXGroup;
			children = (
				F5AF85EC18A03FA800769391 /* InstaTestTests.m */,
				F5AF85E718A03FA800769391 /* Supporting Files */,
			);
			path = InstaTestTests;
			sourceTree = "<group>";
		};
		F5AF85E718A03FA800769391 /* Supporting Files */ = {
			isa = PBXGroup;
			children = (
				F5AF85E818A03FA800769391 /* InstaTestTests-Info.plist */,
				F5AF85E918A03FA800769391 /* InfoPlist.strings */,
			);
			name = "Supporting Files";
			sourceTree = "<group>";
		};
/* End PBXGroup section */

/* Begin PBXNativeTarget section */
		F5AF85BD18A03FA800769391 /* InstaTest */ = {
			isa = PBXNativeTarget;
			buildConfigurationList = F5AF85F018A03FA800769391 /* Build configuration list for PBXNativeTarget "InstaTest" */;
			buildPhases = (
				F5AF85BA18A03FA800769391 /* Sources */,
				F5AF85BB18A03FA800769391 /* Frameworks */,
				F5AF85BC18A03FA800769391 /* Resources */,
			);
			buildRules = (
			);
			dependencies = (
			);
			name = InstaTest;
			productName = InstaTest;
			productReference = F5AF85BE18A03FA800769391 /* InstaTest.app */;
			productType = "com.apple.product-type.application";
		};
		F5AF85DE18A03FA800769391 /* InstaTestTests */ = {
			isa = PBXNativeTarget;
			buildConfigurationList = F5AF85F318A03FA800769391 /* Build configuration list for PBXNativeTarget "InstaTestTests" */;
			buildPhases = (
				F5AF85DB18A03FA800769391 /* Sources */,
				F5AF85DC18A03FA800769391 /* Frameworks */,
				F5AF85DD18A03FA800769391 /* Resources */,
			);
			buildRules = (
			);
			dependencies = (
				F5AF85E518A03FA800769391 /* PBXTargetDependency */,
			);
			name = InstaTestTests;
			productName = InstaTestTests;
			productReference = F5AF85DF18A03FA800769391 /* InstaTestTests.xctest */;
			productType = "com.apple.product-type.bundle.unit-test";
		};
/* End PBXNativeTarget section */

/* Begin PBXProject section */
		F5AF85B618A03FA800769391 /* Project object */ = {
			isa = PBXProject;
			attributes = {
				LastUpgradeCheck = 0500;
				ORGANIZATIONNAME = "Jared Friedman";
				TargetAttributes = {
					F5AF85DE18A03FA800769391 = {
						TestTargetID = F5AF85BD18A03FA800769391;
					};
				};
			};
			buildConfigurationList = F5AF85B918A03FA800769391 /* Build configuration list for PBXProject "InstaTest" */;
			compatibilityVersion = "Xcode 3.2";
			developmentRegion = English;
			hasScannedForEncodings = 0;
			knownRegions = (
				en,
				Base,
			);
			mainGroup = F5AF85B518A03FA800769391;
			productRefGroup = F5AF85BF18A03FA800769391 /* Products */;
			projectDirPath = "";
			projectRoot = "";
			targets = (
				F5AF85BD18A03FA800769391 /* InstaTest */,
				F5AF85DE18A03FA800769391 /* InstaTestTests */,
			);
		};
/* End PBXProject section */

/* Begin PBXResourcesBuildPhase section */
		F5AF85BC18A03FA800769391 /* Resources */ = {
			isa = PBXResourcesBuildPhase;
			buildActionMask = 2147483647;
			files = (
				F5AF85DA18A03FA800769391 /* Images.xcassets in Resources */,
				F5AF85CC18A03FA800769391 /* InfoPlist.strings in Resources */,
				F5AF85D518A03FA800769391 /* Main.storyboard in Resources */,
			);
			runOnlyForDeploymentPostprocessing = 0;
		};
		F5AF85DD18A03FA800769391 /* Resources */ = {
			isa = PBXResourcesBuildPhase;
			buildActionMask = 2147483647;
			files = (
				F5AF85EB18A03FA800769391 /* InfoPlist.strings in Resources */,
			);
			runOnlyForDeploymentPostprocessing = 0;
		};
/* End PBXResourcesBuildPhase section */

/* Begin PBXSourcesBuildPhase section */
		F5AF85BA18A03FA800769391 /* Sources */ = {
			isa = PBXSourcesBuildPhase;
			buildActionMask = 2147483647;
			files = (
				F5F31D6518A05FDA00ED376A /* User.m in Sources */,
				F5AF85D818A03FA800769391 /* MasterViewController.m in Sources */,
				F5F31D6818A06ED200ED376A /* SignUpViewController.m in Sources */,
				F5AF85D218A03FA800769391 /* AppDelegate.m in Sources */,
				F5AF85CE18A03FA800769391 /* main.m in Sources */,
				F5F31D6218A05EB600ED376A /* Model.xcdatamodeld in Sources */,
			);
			runOnlyForDeploymentPostprocessing = 0;
		};
		F5AF85DB18A03FA800769391 /* Sources */ = {
			isa = PBXSourcesBuildPhase;
			buildActionMask = 2147483647;
			files = (
				F5AF85ED18A03FA800769391 /* InstaTestTests.m in Sources */,
			);
			runOnlyForDeploymentPostprocessing = 0;
		};
/* End PBXSourcesBuildPhase section */

/* Begin PBXTargetDependency section */
		F5AF85E518A03FA800769391 /* PBXTargetDependency */ = {
			isa = PBXTargetDependency;
			target = F5AF85BD18A03FA800769391 /* InstaTest */;
			targetProxy = F5AF85E418A03FA800769391 /* PBXContainerItemProxy */;
		};
/* End PBXTargetDependency section */

/* Begin PBXVariantGroup section */
		F5AF85CA18A03FA800769391 /* InfoPlist.strings */ = {
			isa = PBXVariantGroup;
			children = (
				F5AF85CB18A03FA800769391 /* en */,
			);
			name = InfoPlist.strings;
			sourceTree = "<group>";
		};
		F5AF85D318A03FA800769391 /* Main.storyboard */ = {
			isa = PBXVariantGroup;
			children = (
				F5AF85D418A03FA800769391 /* Base */,
			);
			name = Main.storyboard;
			sourceTree = "<group>";
		};
		F5AF85E918A03FA800769391 /* InfoPlist.strings */ = {
			isa = PBXVariantGroup;
			children = (
				F5AF85EA18A03FA800769391 /* en */,
			);
			name = InfoPlist.strings;
			sourceTree = "<group>";
		};
/* End PBXVariantGroup section */

/* Begin XCBuildConfiguration section */
		F5AF85EE18A03FA800769391 /* Debug */ = {
			isa = XCBuildConfiguration;
			buildSettings = {
				ALWAYS_SEARCH_USER_PATHS = NO;
				ARCHS = "$(ARCHS_STANDARD_INCLUDING_64_BIT)";
				CLANG_CXX_LANGUAGE_STANDARD = "gnu++0x";
				CLANG_CXX_LIBRARY = "libc++";
				CLANG_ENABLE_MODULES = YES;
				CLANG_ENABLE_OBJC_ARC = YES;
				CLANG_WARN_BOOL_CONVERSION = YES;
				CLANG_WARN_CONSTANT_CONVERSION = YES;
				CLANG_WARN_DIRECT_OBJC_ISA_USAGE = YES_ERROR;
				CLANG_WARN_EMPTY_BODY = YES;
				CLANG_WARN_ENUM_CONVERSION = YES;
				CLANG_WARN_INT_CONVERSION = YES;
				CLANG_WARN_OBJC_ROOT_CLASS = YES_ERROR;
				CLANG_WARN__DUPLICATE_METHOD_MATCH = YES;
				"CODE_SIGN_IDENTITY[sdk=iphoneos*]" = "iPhone Developer";
				COPY_PHASE_STRIP = NO;
				GCC_C_LANGUAGE_STANDARD = gnu99;
				GCC_DYNAMIC_NO_PIC = NO;
				GCC_OPTIMIZATION_LEVEL = 0;
				GCC_PREPROCESSOR_DEFINITIONS = (
					"DEBUG=1",
					"$(inherited)",
				);
				GCC_SYMBOLS_PRIVATE_EXTERN = NO;
				GCC_WARN_64_TO_32_BIT_CONVERSION = YES;
				GCC_WARN_ABOUT_RETURN_TYPE = YES_ERROR;
				GCC_WARN_UNDECLARED_SELECTOR = YES;
				GCC_WARN_UNINITIALIZED_AUTOS = YES;
				GCC_WARN_UNUSED_FUNCTION = YES;
				GCC_WARN_UNUSED_VARIABLE = YES;
				IPHONEOS_DEPLOYMENT_TARGET = 7.0;
				ONLY_ACTIVE_ARCH = YES;
				SDKROOT = iphoneos;
			};
			name = Debug;
		};
		F5AF85EF18A03FA800769391 /* Release */ = {
			isa = XCBuildConfiguration;
			buildSettings = {
				ALWAYS_SEARCH_USER_PATHS = NO;
				ARCHS = "$(ARCHS_STANDARD_INCLUDING_64_BIT)";
				CLANG_CXX_LANGUAGE_STANDARD = "gnu++0x";
				CLANG_CXX_LIBRARY = "libc++";
				CLANG_ENABLE_MODULES = YES;
				CLANG_ENABLE_OBJC_ARC = YES;
				CLANG_WARN_BOOL_CONVERSION = YES;
				CLANG_WARN_CONSTANT_CONVERSION = YES;
				CLANG_WARN_DIRECT_OBJC_ISA_USAGE = YES_ERROR;
				CLANG_WARN_EMPTY_BODY = YES;
				CLANG_WARN_ENUM_CONVERSION = YES;
				CLANG_WARN_INT_CONVERSION = YES;
				CLANG_WARN_OBJC_ROOT_CLASS = YES_ERROR;
				CLANG_WARN__DUPLICATE_METHOD_MATCH = YES;
				"CODE_SIGN_IDENTITY[sdk=iphoneos*]" = "iPhone Developer";
				COPY_PHASE_STRIP = YES;
				ENABLE_NS_ASSERTIONS = NO;
				GCC_C_LANGUAGE_STANDARD = gnu99;
				GCC_WARN_64_TO_32_BIT_CONVERSION = YES;
				GCC_WARN_ABOUT_RETURN_TYPE = YES_ERROR;
				GCC_WARN_UNDECLARED_SELECTOR = YES;
				GCC_WARN_UNINITIALIZED_AUTOS = YES;
				GCC_WARN_UNUSED_FUNCTION = YES;
				GCC_WARN_UNUSED_VARIABLE = YES;
				IPHONEOS_DEPLOYMENT_TARGET = 7.0;
				SDKROOT = iphoneos;
				VALIDATE_PRODUCT = YES;
			};
			name = Release;
		};
		F5AF85F118A03FA800769391 /* Debug */ = {
			isa = XCBuildConfiguration;
			buildSettings = {
				ASSETCATALOG_COMPILER_APPICON_NAME = AppIcon;
				ASSETCATALOG_COMPILER_LAUNCHIMAGE_NAME = LaunchImage;
				GCC_PRECOMPILE_PREFIX_HEADER = YES;
				GCC_PREFIX_HEADER = "InstaTest/InstaTest-Prefix.pch";
				INFOPLIST_FILE = "InstaTest/InstaTest-Info.plist";
				PRODUCT_NAME = "$(TARGET_NAME)";
				WRAPPER_EXTENSION = app;
			};
			name = Debug;
		};
		F5AF85F218A03FA800769391 /* Release */ = {
			isa = XCBuildConfiguration;
			buildSettings = {
				ASSETCATALOG_COMPILER_APPICON_NAME = AppIcon;
				ASSETCATALOG_COMPILER_LAUNCHIMAGE_NAME = LaunchImage;
				GCC_PRECOMPILE_PREFIX_HEADER = YES;
				GCC_PREFIX_HEADER = "InstaTest/InstaTest-Prefix.pch";
				INFOPLIST_FILE = "InstaTest/InstaTest-Info.plist";
				PRODUCT_NAME = "$(TARGET_NAME)";
				WRAPPER_EXTENSION = app;
			};
			name = Release;
		};
		F5AF85F418A03FA800769391 /* Debug */ = {
			isa = XCBuildConfiguration;
			buildSettings = {
				ARCHS = "$(ARCHS_STANDARD_INCLUDING_64_BIT)";
				BUNDLE_LOADER = "$(BUILT_PRODUCTS_DIR)/InstaTest.app/InstaTest";
				FRAMEWORK_SEARCH_PATHS = (
					"$(SDKROOT)/Developer/Library/Frameworks",
					"$(inherited)",
					"$(DEVELOPER_FRAMEWORKS_DIR)",
				);
				GCC_PRECOMPILE_PREFIX_HEADER = YES;
				GCC_PREFIX_HEADER = "InstaTest/InstaTest-Prefix.pch";
				GCC_PREPROCESSOR_DEFINITIONS = (
					"DEBUG=1",
					"$(inherited)",
				);
				INFOPLIST_FILE = "InstaTestTests/InstaTestTests-Info.plist";
				PRODUCT_NAME = "$(TARGET_NAME)";
				TEST_HOST = "$(BUNDLE_LOADER)";
				WRAPPER_EXTENSION = xctest;
			};
			name = Debug;
		};
		F5AF85F518A03FA800769391 /* Release */ = {
			isa = XCBuildConfiguration;
			buildSettings = {
				ARCHS = "$(ARCHS_STANDARD_INCLUDING_64_BIT)";
				BUNDLE_LOADER = "$(BUILT_PRODUCTS_DIR)/InstaTest.app/InstaTest";
				FRAMEWORK_SEARCH_PATHS = (
					"$(SDKROOT)/Developer/Library/Frameworks",
					"$(inherited)",
					"$(DEVELOPER_FRAMEWORKS_DIR)",
				);
				GCC_PRECOMPILE_PREFIX_HEADER = YES;
				GCC_PREFIX_HEADER = "InstaTest/InstaTest-Prefix.pch";
				INFOPLIST_FILE = "InstaTestTests/InstaTestTests-Info.plist";
				PRODUCT_NAME = "$(TARGET_NAME)";
				TEST_HOST = "$(BUNDLE_LOADER)";
				WRAPPER_EXTENSION = xctest;
			};
			name = Release;
		};
/* End XCBuildConfiguration section */

/* Begin XCConfigurationList section */
		F5AF85B918A03FA800769391 /* Build configuration list for PBXProject "InstaTest" */ = {
			isa = XCConfigurationList;
			buildConfigurations = (
				F5AF85EE18A03FA800769391 /* Debug */,
				F5AF85EF18A03FA800769391 /* Release */,
			);
			defaultConfigurationIsVisible = 0;
			defaultConfigurationName = Release;
		};
		F5AF85F018A03FA800769391 /* Build configuration list for PBXNativeTarget "InstaTest" */ = {
			isa = XCConfigurationList;
			buildConfigurations = (
				F5AF85F118A03FA800769391 /* Debug */,
				F5AF85F218A03FA800769391 /* Release */,
			);
			defaultConfigurationIsVisible = 0;
			defaultConfigurationName = Release;
		};
		F5AF85F318A03FA800769391 /* Build configuration list for PBXNativeTarget "InstaTestTests" */ = {
			isa = XCConfigurationList;
			buildConfigurations = (
				F5AF85F418A03FA800769391 /* Debug */,
				F5AF85F518A03FA800769391 /* Release */,
			);
			defaultConfigurationIsVisible = 0;
			defaultConfigurationName = Release;
		};
/* End XCConfigurationList section */

/* Begin XCVersionGroup section */
		F5F31D6018A05EB600ED376A /* Model.xcdatamodeld */ = {
			isa = XCVersionGroup;
			children = (
				F5F31D6118A05EB600ED376A /* Model.xcdatamodel */,
			);
			currentVersion = F5F31D6118A05EB600ED376A /* Model.xcdatamodel */;
			path = Model.xcdatamodeld;
			sourceTree = "<group>";
			versionGroupType = wrapper.xcdatamodel;
		};
/* End XCVersionGroup section */
	};
	rootObject = F5AF85B618A03FA800769391 /* Project object */;
}
